
Microsoft Visual Studio Solution File, Format Version 12.00
# Visual Studio Version 17
VisualStudioVersion = 17.13.35919.96 d17.13
MinimumVisualStudioVersion = 10.0.40219.1
Project("{FAE04EC0-301F-11D3-BF4B-00C04F79EFBC}") = "SmartTaskTracker", "SmartTaskTracker.csproj", "{B0ED2F7E-5477-42EE-B8C5-A98D13A662AF}"
EndProject
Global
	GlobalSection(SolutionConfigurationPlatforms) = preSolution
		Debug|Any CPU = Debug|Any CPU
		Release|Any CPU = Release|Any CPU
	EndGlobalSection
	GlobalSection(ProjectConfigurationPlatforms) = postSolution
		{B0ED2F7E-5477-42EE-B8C5-A98D13A662AF}.Debug|Any CPU.ActiveCfg = Debug|Any CPU
		{B0ED2F7E-5477-42EE-B8C5-A98D13A662AF}.Debug|Any CPU.Build.0 = Debug|Any CPU
		{B0ED2F7E-5477-42EE-B8C5-A98D13A662AF}.Release|Any CPU.ActiveCfg = Release|Any CPU
		{B0ED2F7E-5477-42EE-B8C5-A98D13A662AF}.Release|Any CPU.Build.0 = Release|Any CPU
	EndGlobalSection
	GlobalSection(SolutionProperties) = preSolution
		HideSolutionNode = FALSE
	EndGlobalSection
	GlobalSection(ExtensibilityGlobals) = postSolution
		SolutionGuid = {FEF7AED5-15F0-4E9C-BC1E-252D675542F5}
	EndGlobalSection
EndGlobal
